
Microsoft Visual Studio Solution File, Format Version 12.00
# Visual Studio Version 17
VisualStudioVersion = 17.0.33402.176
MinimumVisualStudioVersion = 10.0.40219.1
Project("{9A19103F-16F7-4668-BE54-9A1E7A4F7556}") = "Gamble", "Gamble\Gamble.csproj", "{A28F4142-DCA0-4EF2-8DF6-F340A4588826}"
EndProject
Global
	GlobalSection(SolutionConfigurationPlatforms) = preSolution
		Debug|Any CPU = Debug|Any CPU
		Release|Any CPU = Release|Any CPU
	EndGlobalSection
	GlobalSection(ProjectConfigurationPlatforms) = postSolution
		{A28F4142-DCA0-4EF2-8DF6-F340A4588826}.Debug|Any CPU.ActiveCfg = Debug|Any CPU
		{A28F4142-DCA0-4EF2-8DF6-F340A4588826}.Debug|Any CPU.Build.0 = Debug|Any CPU
		{A28F4142-DCA0-4EF2-8DF6-F340A4588826}.Release|Any CPU.ActiveCfg = Release|Any CPU
		{A28F4142-DCA0-4EF2-8DF6-F340A4588826}.Release|Any CPU.Build.0 = Release|Any CPU
	EndGlobalSection
	GlobalSection(SolutionProperties) = preSolution
		HideSolutionNode = FALSE
	EndGlobalSection
	GlobalSection(ExtensibilityGlobals) = postSolution
		SolutionGuid = {CB2692FC-5B9E-4C0A-A424-ECCD0776A4CC}
	EndGlobalSection
EndGlobal
